# This file is generated by running "yarn install" inside your project.
# Manual changes might be lost - proceed with caution!

__metadata:
  version: 8
  cacheKey: 10c0

"archiver-utils@npm:^2.1.0":
  version: 2.1.0
  resolution: "archiver-utils@npm:2.1.0"
  dependencies:
    glob: "npm:^7.1.4"
    graceful-fs: "npm:^4.2.0"
    lazystream: "npm:^1.0.0"
    lodash.defaults: "npm:^4.2.0"
    lodash.difference: "npm:^4.5.0"
    lodash.flatten: "npm:^4.4.0"
    lodash.isplainobject: "npm:^4.0.6"
    lodash.union: "npm:^4.6.0"
    normalize-path: "npm:^3.0.0"
    readable-stream: "npm:^2.0.0"
  checksum: 10c0/6ea5b02e440f3099aff58b18dd384f84ecfe18632e81d26c1011fe7dfdb80ade43d7a06cbf048ef0e9ee0f2c87a80cb24c0f0ac5e3a2c4d67641d6f0d6e36ece
  languageName: node
  linkType: hard

"archiver@npm:^3.0.0":
  version: 3.1.1
  resolution: "archiver@npm:3.1.1"
  dependencies:
    archiver-utils: "npm:^2.1.0"
    async: "npm:^2.6.3"
    buffer-crc32: "npm:^0.2.1"
    glob: "npm:^7.1.4"
    readable-stream: "npm:^3.4.0"
    tar-stream: "npm:^2.1.0"
    zip-stream: "npm:^2.1.2"
  checksum: 10c0/cbe672f5abcafcf5018241e65e186839b4d5881a5ea7e3829a5946a12ca9a053bd7af1817791e14e518e391b7255b5ccf4f443a0f743d312ec2583263a74b493
  languageName: node
  linkType: hard

"async-function@npm:^1.0.0":
  version: 1.0.0
  resolution: "async-function@npm:1.0.0"
  checksum: 10c0/669a32c2cb7e45091330c680e92eaeb791bc1d4132d827591e499cd1f776ff5a873e77e5f92d0ce795a8d60f10761dec9ddfe7225a5de680f5d357f67b1aac73
  languageName: node
  linkType: hard

"async-generator-function@npm:^1.0.0":
  version: 1.0.0
  resolution: "async-generator-function@npm:1.0.0"
  checksum: 10c0/2c50ef856c543ad500d8d8777d347e3c1ba623b93e99c9263ecc5f965c1b12d2a140e2ab6e43c3d0b85366110696f28114649411cbcd10b452a92a2318394186
  languageName: node
  linkType: hard

"async@npm:^2.6.3":
  version: 2.6.4
  resolution: "async@npm:2.6.4"
  dependencies:
    lodash: "npm:^4.17.14"
  checksum: 10c0/0ebb3273ef96513389520adc88e0d3c45e523d03653cc9b66f5c46f4239444294899bfd13d2b569e7dbfde7da2235c35cf5fd3ece9524f935d41bbe4efccdad0
  languageName: node
  linkType: hard

"asynckit@npm:^0.4.0":
  version: 0.4.0
  resolution: "asynckit@npm:0.4.0"
  checksum: 10c0/d73e2ddf20c4eb9337e1b3df1a0f6159481050a5de457c55b14ea2e5cb6d90bb69e004c9af54737a5ee0917fcf2c9e25de67777bbe58261847846066ba75bc9d
  languageName: node
  linkType: hard

"balanced-match@npm:^1.0.0":
  version: 1.0.2
  resolution: "balanced-match@npm:1.0.2"
  checksum: 10c0/9308baf0a7e4838a82bbfd11e01b1cb0f0cf2893bc1676c27c2a8c0e70cbae1c59120c3268517a8ae7fb6376b4639ef81ca22582611dbee4ed28df945134aaee
  languageName: node
  linkType: hard

"base64-js@npm:^1.3.1":
  version: 1.5.1
  resolution: "base64-js@npm:1.5.1"
  checksum: 10c0/f23823513b63173a001030fae4f2dabe283b99a9d324ade3ad3d148e218134676f1ee8568c877cd79ec1c53158dcf2d2ba527a97c606618928ba99dd930102bf
  languageName: node
  linkType: hard

"bl@npm:^4.0.3":
  version: 4.1.0
  resolution: "bl@npm:4.1.0"
  dependencies:
    buffer: "npm:^5.5.0"
    inherits: "npm:^2.0.4"
    readable-stream: "npm:^3.4.0"
  checksum: 10c0/02847e1d2cb089c9dc6958add42e3cdeaf07d13f575973963335ac0fdece563a50ac770ac4c8fa06492d2dd276f6cc3b7f08c7cd9c7a7ad0f8d388b2a28def5f
  languageName: node
  linkType: hard

"boolbase@npm:~1.0.0":
  version: 1.0.0
  resolution: "boolbase@npm:1.0.0"
  checksum: 10c0/e4b53deb4f2b85c52be0e21a273f2045c7b6a6ea002b0e139c744cb6f95e9ec044439a52883b0d74dedd1ff3da55ed140cfdddfed7fb0cccbed373de5dce1bcf
  languageName: node
  linkType: hard

"brace-expansion@npm:^1.1.7":
  version: 1.1.12
  resolution: "brace-expansion@npm:1.1.12"
  dependencies:
    balanced-match: "npm:^1.0.0"
    concat-map: "npm:0.0.1"
  checksum: 10c0/975fecac2bb7758c062c20d0b3b6288c7cc895219ee25f0a64a9de662dbac981ff0b6e89909c3897c1f84fa353113a721923afdec5f8b2350255b097f12b1f73
  languageName: node
  linkType: hard

"buffer-crc32@npm:^0.2.1, buffer-crc32@npm:^0.2.13":
  version: 0.2.13
  resolution: "buffer-crc32@npm:0.2.13"
  checksum: 10c0/cb0a8ddf5cf4f766466db63279e47761eb825693eeba6a5a95ee4ec8cb8f81ede70aa7f9d8aeec083e781d47154290eb5d4d26b3f7a465ec57fb9e7d59c47150
  languageName: node
  linkType: hard

"buffer@npm:^5.1.0, buffer@npm:^5.5.0":
  version: 5.7.1
  resolution: "buffer@npm:5.7.1"
  dependencies:
    base64-js: "npm:^1.3.1"
    ieee754: "npm:^1.1.13"
  checksum: 10c0/27cac81cff434ed2876058d72e7c4789d11ff1120ef32c9de48f59eab58179b66710c488987d295ae89a228f835fc66d088652dffeb8e3ba8659f80eb091d55e
  languageName: node
  linkType: hard

"call-bind-apply-helpers@npm:^1.0.1, call-bind-apply-helpers@npm:^1.0.2":
  version: 1.0.2
  resolution: "call-bind-apply-helpers@npm:1.0.2"
  dependencies:
    es-errors: "npm:^1.3.0"
    function-bind: "npm:^1.1.2"
  checksum: 10c0/47bd9901d57b857590431243fea704ff18078b16890a6b3e021e12d279bbf211d039155e27d7566b374d49ee1f8189344bac9833dec7a20cdec370506361c938
  languageName: node
  linkType: hard

"call-bound@npm:^1.0.2":
  version: 1.0.4
  resolution: "call-bound@npm:1.0.4"
  dependencies:
    call-bind-apply-helpers: "npm:^1.0.2"
    get-intrinsic: "npm:^1.3.0"
  checksum: 10c0/f4796a6a0941e71c766aea672f63b72bc61234c4f4964dc6d7606e3664c307e7d77845328a8f3359ce39ddb377fed67318f9ee203dea1d47e46165dcf2917644
  languageName: node
  linkType: hard

"cheerio@npm:^0.22.0":
  version: 0.22.0
  resolution: "cheerio@npm:0.22.0"
  dependencies:
    css-select: "npm:~1.2.0"
    dom-serializer: "npm:~0.1.0"
    entities: "npm:~1.1.1"
    htmlparser2: "npm:^3.9.1"
    lodash.assignin: "npm:^4.0.9"
    lodash.bind: "npm:^4.1.4"
    lodash.defaults: "npm:^4.0.1"
    lodash.filter: "npm:^4.4.0"
    lodash.flatten: "npm:^4.2.0"
    lodash.foreach: "npm:^4.3.0"
    lodash.map: "npm:^4.4.0"
    lodash.merge: "npm:^4.4.0"
    lodash.pick: "npm:^4.2.1"
    lodash.reduce: "npm:^4.4.0"
    lodash.reject: "npm:^4.4.0"
    lodash.some: "npm:^4.4.0"
  checksum: 10c0/b067fadb3d0ada1f614ce27b2795c206df2c612ab066393f833c798ba29c73a610a3202567d2223658743026f5385cda61f6b52370b22f28a924e52883933340
  languageName: node
  linkType: hard

"combined-stream@npm:^1.0.8":
  version: 1.0.8
  resolution: "combined-stream@npm:1.0.8"
  dependencies:
    delayed-stream: "npm:~1.0.0"
  checksum: 10c0/0dbb829577e1b1e839fa82b40c07ffaf7de8a09b935cadd355a73652ae70a88b4320db322f6634a4ad93424292fa80973ac6480986247f1734a1137debf271d5
  languageName: node
  linkType: hard

"component-emitter@npm:^1.2.0":
  version: 1.3.1
  resolution: "component-emitter@npm:1.3.1"
  checksum: 10c0/e4900b1b790b5e76b8d71b328da41482118c0f3523a516a41be598dc2785a07fd721098d9bf6e22d89b19f4fa4e1025160dc00317ea111633a3e4f75c2b86032
  languageName: node
  linkType: hard

"compress-commons@npm:^2.1.1":
  version: 2.1.1
  resolution: "compress-commons@npm:2.1.1"
  dependencies:
    buffer-crc32: "npm:^0.2.13"
    crc32-stream: "npm:^3.0.1"
    normalize-path: "npm:^3.0.0"
    readable-stream: "npm:^2.3.6"
  checksum: 10c0/f16551f9130a5c8762f1436f087f8c2e37646fbff3cf4e0dc254523d71e2979df910797a45279fced487dd341760f34654e6a54857bcf97c019bf8d3cae814a6
  languageName: node
  linkType: hard

"concat-map@npm:0.0.1":
  version: 0.0.1
  resolution: "concat-map@npm:0.0.1"
  checksum: 10c0/c996b1cfdf95b6c90fee4dae37e332c8b6eb7d106430c17d538034c0ad9a1630cb194d2ab37293b1bdd4d779494beee7786d586a50bd9376fd6f7bcc2bd4c98f
  languageName: node
  linkType: hard

"cookiejar@npm:^2.1.0":
  version: 2.1.4
  resolution: "cookiejar@npm:2.1.4"
  checksum: 10c0/2dae55611c6e1678f34d93984cbd4bda58f4fe3e5247cc4993f4a305cd19c913bbaf325086ed952e892108115073a747596453d3dc1c34947f47f731818b8ad1
  languageName: node
  linkType: hard

"core-util-is@npm:~1.0.0":
  version: 1.0.3
  resolution: "core-util-is@npm:1.0.3"
  checksum: 10c0/90a0e40abbddfd7618f8ccd63a74d88deea94e77d0e8dbbea059fa7ebebb8fbb4e2909667fe26f3a467073de1a542ebe6ae4c73a73745ac5833786759cd906c9
  languageName: node
  linkType: hard

"crc32-stream@npm:^3.0.1":
  version: 3.0.1
  resolution: "crc32-stream@npm:3.0.1"
  dependencies:
    crc: "npm:^3.4.4"
    readable-stream: "npm:^3.4.0"
  checksum: 10c0/cf026cc08e68a7eb9f9245b3937d062339a54c2f5b4738c7fb861bd2db56ac220df3627f02ed6e0972633a99435d409f4470cf0a3aac6e944d87730493b6dea0
  languageName: node
  linkType: hard

"crc@npm:^3.4.4":
  version: 3.8.0
  resolution: "crc@npm:3.8.0"
  dependencies:
    buffer: "npm:^5.1.0"
  checksum: 10c0/1a0da36e5f95b19cd2a7b2eab5306a08f1c47bdd22da6f761ab764e2222e8e90a877398907cea94108bd5e41a6d311ea84d7914eaca67da2baa4050bd6384b3d
  languageName: node
  linkType: hard

"css-select@npm:~1.2.0":
  version: 1.2.0
  resolution: "css-select@npm:1.2.0"
  dependencies:
    boolbase: "npm:~1.0.0"
    css-what: "npm:2.1"
    domutils: "npm:1.5.1"
    nth-check: "npm:~1.0.1"
  checksum: 10c0/16e91cd4a8606e76eb2d93ded43e2d20fe315effa7e1dedf16e81fab5c6bbd18b394f78cb59c04e2dddc7d4c68e31a0617b7f4f196dff48398cf3ac83e78475c
  languageName: node
  linkType: hard

"css-what@npm:2.1":
  version: 2.1.3
  resolution: "css-what@npm:2.1.3"
  checksum: 10c0/4f1a25855be8bdfebdd431ccb084f6481951408dbf076eebf7a1c045ae45dd5651b32fe55deaa16a59e98eb25d5bb066dcf6bdff7aa3cc2ed5bdbe5fe1aa7fd7
  languageName: node
  linkType: hard

"debug@npm:^3.1.0":
  version: 3.2.7
  resolution: "debug@npm:3.2.7"
  dependencies:
    ms: "npm:^2.1.1"
  checksum: 10c0/37d96ae42cbc71c14844d2ae3ba55adf462ec89fd3a999459dec3833944cd999af6007ff29c780f1c61153bcaaf2c842d1e4ce1ec621e4fc4923244942e4a02a
  languageName: node
  linkType: hard

"delayed-stream@npm:~1.0.0":
  version: 1.0.0
  resolution: "delayed-stream@npm:1.0.0"
  checksum: 10c0/d758899da03392e6712f042bec80aa293bbe9e9ff1b2634baae6a360113e708b91326594c8a486d475c69d6259afb7efacdc3537bfcda1c6c648e390ce601b19
  languageName: node
  linkType: hard

"diacritics@npm:^1.3.0":
  version: 1.3.0
  resolution: "diacritics@npm:1.3.0"
  checksum: 10c0/bc99c3d2e64315b1830f1573eafe1f7b06fd5dbc9687f35ea8e2e25ce8618d1444d0a2c8313b98467b0aff1d0ee35b8f9f67ef214e56e810b37da3cdb29785ac
  languageName: node
  linkType: hard

"dom-serializer@npm:0":
  version: 0.2.2
  resolution: "dom-serializer@npm:0.2.2"
  dependencies:
    domelementtype: "npm:^2.0.1"
    entities: "npm:^2.0.0"
  checksum: 10c0/5cb595fb77e1a23eca56742f47631e6f4af66ce1982c7ed28b3d0ef21f1f50304c067adc29d3eaf824c572be022cee88627d0ac9b929408f24e923f3c7bed37b
  languageName: node
  linkType: hard

"dom-serializer@npm:~0.1.0":
  version: 0.1.1
  resolution: "dom-serializer@npm:0.1.1"
  dependencies:
    domelementtype: "npm:^1.3.0"
    entities: "npm:^1.1.1"
  checksum: 10c0/bb710d0a49dbe7b1019e8bf314102495e8894b9da188d00187c0ac52939ded630bc5f9eacc97bfa462d535cd321c734c0b02fefd5e4d93162ab886dccc6666f3
  languageName: node
  linkType: hard

"domelementtype@npm:1, domelementtype@npm:^1.3.0, domelementtype@npm:^1.3.1":
  version: 1.3.1
  resolution: "domelementtype@npm:1.3.1"
  checksum: 10c0/6d4f5761060a21eaf3c96545501e9d188745c7e1c31b8d141bf15d8748feeadba868f4ea32877751b8678b286fb1afbe6ae905ca3fb8f0214d8322e482cdbec0
  languageName: node
  linkType: hard

"domelementtype@npm:^2.0.1":
  version: 2.3.0
  resolution: "domelementtype@npm:2.3.0"
  checksum: 10c0/686f5a9ef0fff078c1412c05db73a0dce096190036f33e400a07e2a4518e9f56b1e324f5c576a0a747ef0e75b5d985c040b0d51945ce780c0dd3c625a18cd8c9
  languageName: node
  linkType: hard

"domhandler@npm:^2.3.0":
  version: 2.4.2
  resolution: "domhandler@npm:2.4.2"
  dependencies:
    domelementtype: "npm:1"
  checksum: 10c0/6670cab73e97e3c6771dcf22b537db3f6a0be0ad6b370f03bb5f1b585d3b563d326787fdabe1190b7ca9d81c804e9b3f8a1431159c27c44f6c05f94afa92be2d
  languageName: node
  linkType: hard

"domutils@npm:1.5.1":
  version: 1.5.1
  resolution: "domutils@npm:1.5.1"
  dependencies:
    dom-serializer: "npm:0"
    domelementtype: "npm:1"
  checksum: 10c0/8707a18c974be54d33fd846d174d523ddf4955b2fcc1ec713cbe6ff490f60da22106b153fea6269332477eb81dc1a25a83f5b2afaf78b6dc9e2161fd7b80f7ba
  languageName: node
  linkType: hard

"domutils@npm:^1.5.1":
  version: 1.7.0
  resolution: "domutils@npm:1.7.0"
  dependencies:
    dom-serializer: "npm:0"
    domelementtype: "npm:1"
  checksum: 10c0/437fcd2d6d6be03f488152e73c6f953e289c58496baa22be9626b2b46f9cfd40486ae77d144487ff6b102929a3231cdb9a8bf8ef485fb7b7c30c985daedc77eb
  languageName: node
  linkType: hard

"dunder-proto@npm:^1.0.1":
  version: 1.0.1
  resolution: "dunder-proto@npm:1.0.1"
  dependencies:
    call-bind-apply-helpers: "npm:^1.0.1"
    es-errors: "npm:^1.3.0"
    gopd: "npm:^1.2.0"
  checksum: 10c0/199f2a0c1c16593ca0a145dbf76a962f8033ce3129f01284d48c45ed4e14fea9bbacd7b3610b6cdc33486cef20385ac054948fefc6272fcce645c09468f93031
  languageName: node
  linkType: hard

"ejs@npm:^2.6.1":
  version: 2.7.4
  resolution: "ejs@npm:2.7.4"
  checksum: 10c0/d5700120ce5dd10e0853085003862f5d78c198326ed634838aa7f8b0bf1efd65ad9fa0f2bac0053af05afeb21fb015595166b2c4fc83c7ef8f481e469a01ad52
  languageName: node
  linkType: hard

"end-of-stream@npm:^1.4.1":
  version: 1.4.5
  resolution: "end-of-stream@npm:1.4.5"
  dependencies:
    once: "npm:^1.4.0"
  checksum: 10c0/b0701c92a10b89afb1cb45bf54a5292c6f008d744eb4382fa559d54775ff31617d1d7bc3ef617575f552e24fad2c7c1a1835948c66b3f3a4be0a6c1f35c883d8
  languageName: node
  linkType: hard

"entities@npm:^1.1.1, entities@npm:^1.1.2, entities@npm:~1.1.1":
  version: 1.1.2
  resolution: "entities@npm:1.1.2"
  checksum: 10c0/5b12fa8c4fb942f88af6f8791bbe7be0a59ebd91c8933cee091d94455efd1eeb200418c7b1bc8dd0f74cdd4db8cf4538eb043db14cfd1919130c25d8c6095215
  languageName: node
  linkType: hard

"entities@npm:^2.0.0":
  version: 2.2.0
  resolution: "entities@npm:2.2.0"
  checksum: 10c0/7fba6af1f116300d2ba1c5673fc218af1961b20908638391b4e1e6d5850314ee2ac3ec22d741b3a8060479911c99305164aed19b6254bde75e7e6b1b2c3f3aa3
  languageName: node
  linkType: hard

"epub-gen@npm:^0.1.0":
  version: 0.1.0
  resolution: "epub-gen@npm:0.1.0"
  dependencies:
    archiver: "npm:^3.0.0"
    cheerio: "npm:^0.22.0"
    diacritics: "npm:^1.3.0"
    ejs: "npm:^2.6.1"
    entities: "npm:^1.1.2"
    fs-extra: "npm:^7.0.1"
    mime: "npm:^2.4.0"
    q: "npm:^1.5.1"
    rimraf: "npm:^2.6.3"
    superagent: "npm:^3.8.3"
    underscore: "npm:^1.9.1"
    uslug: "npm:^1.0.4"
  checksum: 10c0/09631d0789465274bcbc310b28c71585ef5b7ee75bc47090783d0ba05d4d5dd71248f25d0952efe3f22f05175803e06f24bb50d4ab943f79e601a1a09b5cbcd1
  languageName: node
  linkType: hard

"es-define-property@npm:^1.0.1":
  version: 1.0.1
  resolution: "es-define-property@npm:1.0.1"
  checksum: 10c0/3f54eb49c16c18707949ff25a1456728c883e81259f045003499efba399c08bad00deebf65cccde8c0e07908c1a225c9d472b7107e558f2a48e28d530e34527c
  languageName: node
  linkType: hard

"es-errors@npm:^1.3.0":
  version: 1.3.0
  resolution: "es-errors@npm:1.3.0"
  checksum: 10c0/0a61325670072f98d8ae3b914edab3559b6caa980f08054a3b872052640d91da01d38df55df797fcc916389d77fc92b8d5906cf028f4db46d7e3003abecbca85
  languageName: node
  linkType: hard

"es-object-atoms@npm:^1.0.0, es-object-atoms@npm:^1.1.1":
  version: 1.1.1
  resolution: "es-object-atoms@npm:1.1.1"
  dependencies:
    es-errors: "npm:^1.3.0"
  checksum: 10c0/65364812ca4daf48eb76e2a3b7a89b3f6a2e62a1c420766ce9f692665a29d94fe41fe88b65f24106f449859549711e4b40d9fb8002d862dfd7eb1c512d10be0c
  languageName: node
  linkType: hard

"es-set-tostringtag@npm:^2.1.0":
  version: 2.1.0
  resolution: "es-set-tostringtag@npm:2.1.0"
  dependencies:
    es-errors: "npm:^1.3.0"
    get-intrinsic: "npm:^1.2.6"
    has-tostringtag: "npm:^1.0.2"
    hasown: "npm:^2.0.2"
  checksum: 10c0/ef2ca9ce49afe3931cb32e35da4dcb6d86ab02592cfc2ce3e49ced199d9d0bb5085fc7e73e06312213765f5efa47cc1df553a6a5154584b21448e9fb8355b1af
  languageName: node
  linkType: hard

"extend@npm:^3.0.0":
  version: 3.0.2
  resolution: "extend@npm:3.0.2"
  checksum: 10c0/73bf6e27406e80aa3e85b0d1c4fd987261e628064e170ca781125c0b635a3dabad5e05adbf07595ea0cf1e6c5396cacb214af933da7cbaf24fe75ff14818e8f9
  languageName: node
  linkType: hard

"form-data@npm:^2.3.1":
  version: 2.5.5
  resolution: "form-data@npm:2.5.5"
  dependencies:
    asynckit: "npm:^0.4.0"
    combined-stream: "npm:^1.0.8"
    es-set-tostringtag: "npm:^2.1.0"
    hasown: "npm:^2.0.2"
    mime-types: "npm:^2.1.35"
    safe-buffer: "npm:^5.2.1"
  checksum: 10c0/7fb70447849fc9bce4d01fe9a626f6587441f85779a2803b67f803e1ab52b0bd78db0a7acd80d944c665f68ca90936c327f1244b730719b638a0219e98b20488
  languageName: node
  linkType: hard

"formidable@npm:^1.2.0":
  version: 1.2.6
  resolution: "formidable@npm:1.2.6"
  checksum: 10c0/9ebc45f434785051d4ecab28be3356c7a172a112119f5dd7aafc393ab7f6a6f3baa2446e5215ce21bf094c4c24dfb4bf483117d07961862e04ad11a25b9b577b
  languageName: node
  linkType: hard

"fs-constants@npm:^1.0.0":
  version: 1.0.0
  resolution: "fs-constants@npm:1.0.0"
  checksum: 10c0/a0cde99085f0872f4d244e83e03a46aa387b74f5a5af750896c6b05e9077fac00e9932fdf5aef84f2f16634cd473c63037d7a512576da7d5c2b9163d1909f3a8
  languageName: node
  linkType: hard

"fs-extra@npm:^7.0.1":
  version: 7.0.1
  resolution: "fs-extra@npm:7.0.1"
  dependencies:
    graceful-fs: "npm:^4.1.2"
    jsonfile: "npm:^4.0.0"
    universalify: "npm:^0.1.0"
  checksum: 10c0/1943bb2150007e3739921b8d13d4109abdc3cc481e53b97b7ea7f77eda1c3c642e27ae49eac3af074e3496ea02fde30f411ef410c760c70a38b92e656e5da784
  languageName: node
  linkType: hard

"fs.realpath@npm:^1.0.0":
  version: 1.0.0
  resolution: "fs.realpath@npm:1.0.0"
  checksum: 10c0/444cf1291d997165dfd4c0d58b69f0e4782bfd9149fd72faa4fe299e68e0e93d6db941660b37dd29153bf7186672ececa3b50b7e7249477b03fdf850f287c948
  languageName: node
  linkType: hard

"function-bind@npm:^1.1.2":
  version: 1.1.2
  resolution: "function-bind@npm:1.1.2"
  checksum: 10c0/d8680ee1e5fcd4c197e4ac33b2b4dce03c71f4d91717292785703db200f5c21f977c568d28061226f9b5900cbcd2c84463646134fd5337e7925e0942bc3f46d5
  languageName: node
  linkType: hard

"generator-function@npm:^2.0.0":
  version: 2.0.1
  resolution: "generator-function@npm:2.0.1"
  checksum: 10c0/8a9f59df0f01cfefafdb3b451b80555e5cf6d76487095db91ac461a0e682e4ff7a9dbce15f4ecec191e53586d59eece01949e05a4b4492879600bbbe8e28d6b8
  languageName: node
  linkType: hard

"get-intrinsic@npm:^1.2.5, get-intrinsic@npm:^1.2.6, get-intrinsic@npm:^1.3.0":
  version: 1.3.1
  resolution: "get-intrinsic@npm:1.3.1"
  dependencies:
    async-function: "npm:^1.0.0"
    async-generator-function: "npm:^1.0.0"
    call-bind-apply-helpers: "npm:^1.0.2"
    es-define-property: "npm:^1.0.1"
    es-errors: "npm:^1.3.0"
    es-object-atoms: "npm:^1.1.1"
    function-bind: "npm:^1.1.2"
    generator-function: "npm:^2.0.0"
    get-proto: "npm:^1.0.1"
    gopd: "npm:^1.2.0"
    has-symbols: "npm:^1.1.0"
    hasown: "npm:^2.0.2"
    math-intrinsics: "npm:^1.1.0"
  checksum: 10c0/9f4ab0cf7efe0fd2c8185f52e6f637e708f3a112610c88869f8f041bb9ecc2ce44bf285dfdbdc6f4f7c277a5b88d8e94a432374d97cca22f3de7fc63795deb5d
  languageName: node
  linkType: hard

"get-proto@npm:^1.0.1":
  version: 1.0.1
  resolution: "get-proto@npm:1.0.1"
  dependencies:
    dunder-proto: "npm:^1.0.1"
    es-object-atoms: "npm:^1.0.0"
  checksum: 10c0/9224acb44603c5526955e83510b9da41baf6ae73f7398875fba50edc5e944223a89c4a72b070fcd78beb5f7bdda58ecb6294adc28f7acfc0da05f76a2399643c
  languageName: node
  linkType: hard

"glob@npm:^7.1.3, glob@npm:^7.1.4":
  version: 7.2.3
  resolution: "glob@npm:7.2.3"
  dependencies:
    fs.realpath: "npm:^1.0.0"
    inflight: "npm:^1.0.4"
    inherits: "npm:2"
    minimatch: "npm:^3.1.1"
    once: "npm:^1.3.0"
    path-is-absolute: "npm:^1.0.0"
  checksum: 10c0/65676153e2b0c9095100fe7f25a778bf45608eeb32c6048cf307f579649bcc30353277b3b898a3792602c65764e5baa4f643714dfbdfd64ea271d210c7a425fe
  languageName: node
  linkType: hard

"gopd@npm:^1.2.0":
  version: 1.2.0
  resolution: "gopd@npm:1.2.0"
  checksum: 10c0/50fff1e04ba2b7737c097358534eacadad1e68d24cccee3272e04e007bed008e68d2614f3987788428fd192a5ae3889d08fb2331417e4fc4a9ab366b2043cead
  languageName: node
  linkType: hard

"graceful-fs@npm:^4.1.2, graceful-fs@npm:^4.1.6, graceful-fs@npm:^4.2.0":
  version: 4.2.11
  resolution: "graceful-fs@npm:4.2.11"
  checksum: 10c0/386d011a553e02bc594ac2ca0bd6d9e4c22d7fa8cfbfc448a6d148c59ea881b092db9dbe3547ae4b88e55f1b01f7c4a2ecc53b310c042793e63aa44cf6c257f2
  languageName: node
  linkType: hard

"has-symbols@npm:^1.0.3, has-symbols@npm:^1.1.0":
  version: 1.1.0
  resolution: "has-symbols@npm:1.1.0"
  checksum: 10c0/dde0a734b17ae51e84b10986e651c664379018d10b91b6b0e9b293eddb32f0f069688c841fb40f19e9611546130153e0a2a48fd7f512891fb000ddfa36f5a20e
  languageName: node
  linkType: hard

"has-tostringtag@npm:^1.0.2":
  version: 1.0.2
  resolution: "has-tostringtag@npm:1.0.2"
  dependencies:
    has-symbols: "npm:^1.0.3"
  checksum: 10c0/a8b166462192bafe3d9b6e420a1d581d93dd867adb61be223a17a8d6dad147aa77a8be32c961bb2f27b3ef893cae8d36f564ab651f5e9b7938ae86f74027c48c
  languageName: node
  linkType: hard

"hasown@npm:^2.0.2":
  version: 2.0.2
  resolution: "hasown@npm:2.0.2"
  dependencies:
    function-bind: "npm:^1.1.2"
  checksum: 10c0/3769d434703b8ac66b209a4cca0737519925bbdb61dd887f93a16372b14694c63ff4e797686d87c90f08168e81082248b9b028bad60d4da9e0d1148766f56eb9
  languageName: node
  linkType: hard

"htmlparser2@npm:^3.9.1":
  version: 3.10.1
  resolution: "htmlparser2@npm:3.10.1"
  dependencies:
    domelementtype: "npm:^1.3.1"
    domhandler: "npm:^2.3.0"
    domutils: "npm:^1.5.1"
    entities: "npm:^1.1.1"
    inherits: "npm:^2.0.1"
    readable-stream: "npm:^3.1.1"
  checksum: 10c0/b1424536ff062088501efa06a2afd478545d3134a5ad2e28bbe02dc2d092784982286b90f1c87fa3d86692958dbfb8936352dfd71d1cb2ff7cb61208c00fcdb1
  languageName: node
  linkType: hard

"ieee754@npm:^1.1.13":
  version: 1.2.1
  resolution: "ieee754@npm:1.2.1"
  checksum: 10c0/b0782ef5e0935b9f12883a2e2aa37baa75da6e66ce6515c168697b42160807d9330de9a32ec1ed73149aea02e0d822e572bca6f1e22bdcbd2149e13b050b17bb
  languageName: node
  linkType: hard

"inflight@npm:^1.0.4":
  version: 1.0.6
  resolution: "inflight@npm:1.0.6"
  dependencies:
    once: "npm:^1.3.0"
    wrappy: "npm:1"
  checksum: 10c0/7faca22584600a9dc5b9fca2cd5feb7135ac8c935449837b315676b4c90aa4f391ec4f42240178244b5a34e8bede1948627fda392ca3191522fc46b34e985ab2
  languageName: node
  linkType: hard

"inherits@npm:2, inherits@npm:^2.0.1, inherits@npm:^2.0.3, inherits@npm:^2.0.4, inherits@npm:~2.0.3":
  version: 2.0.4
  resolution: "inherits@npm:2.0.4"
  checksum: 10c0/4e531f648b29039fb7426fb94075e6545faa1eb9fe83c29f0b6d9e7263aceb4289d2d4557db0d428188eeb449cc7c5e77b0a0b2c4e248ff2a65933a0dee49ef2
  languageName: node
  linkType: hard

"isarray@npm:~1.0.0":
  version: 1.0.0
  resolution: "isarray@npm:1.0.0"
  checksum: 10c0/18b5be6669be53425f0b84098732670ed4e727e3af33bc7f948aac01782110eb9a18b3b329c5323bcdd3acdaae547ee077d3951317e7f133bff7105264b3003d
  languageName: node
  linkType: hard

"jsonfile@npm:^4.0.0":
  version: 4.0.0
  resolution: "jsonfile@npm:4.0.0"
  dependencies:
    graceful-fs: "npm:^4.1.6"
  dependenciesMeta:
    graceful-fs:
      optional: true
  checksum: 10c0/7dc94b628d57a66b71fb1b79510d460d662eb975b5f876d723f81549c2e9cd316d58a2ddf742b2b93a4fa6b17b2accaf1a738a0e2ea114bdfb13a32e5377e480
  languageName: node
  linkType: hard

"lazystream@npm:^1.0.0":
  version: 1.0.1
  resolution: "lazystream@npm:1.0.1"
  dependencies:
    readable-stream: "npm:^2.0.5"
  checksum: 10c0/ea4e509a5226ecfcc303ba6782cc269be8867d372b9bcbd625c88955df1987ea1a20da4643bf9270336415a398d33531ebf0d5f0d393b9283dc7c98bfcbd7b69
  languageName: node
  linkType: hard

"lodash.assignin@npm:^4.0.9":
  version: 4.2.0
  resolution: "lodash.assignin@npm:4.2.0"
  checksum: 10c0/40ac405acf5d6daf27fd40b50c99f823641a9ceba6bd282b18cb9989149204af584b5671f336587c2a263e367c3a2d1105cbf7bdc5ea33cbd0f829b02b16578a
  languageName: node
  linkType: hard

"lodash.bind@npm:^4.1.4":
  version: 4.2.1
  resolution: "lodash.bind@npm:4.2.1"
  checksum: 10c0/e47ae564101c43940fab7f102dd9fb056ae6cc534a3b7bfbaecdf7216dac904ad762150e66a80d1bd5430da7eed4df90ba93996bb24030fad096b698d2ae15af
  languageName: node
  linkType: hard

"lodash.defaults@npm:^4.0.1, lodash.defaults@npm:^4.2.0":
  version: 4.2.0
  resolution: "lodash.defaults@npm:4.2.0"
  checksum: 10c0/d5b77aeb702caa69b17be1358faece33a84497bcca814897383c58b28a2f8dfc381b1d9edbec239f8b425126a3bbe4916223da2a576bb0411c2cefd67df80707
  languageName: node
  linkType: hard

"lodash.difference@npm:^4.5.0":
  version: 4.5.0
  resolution: "lodash.difference@npm:4.5.0"
  checksum: 10c0/5d52859218a7df427547ff1fadbc397879709fe6c788b037df7d6d92b676122c92bd35ec85d364edb596b65dfc6573132f420c9b4ee22bb6b9600cd454c90637
  languageName: node
  linkType: hard

"lodash.filter@npm:^4.4.0":
  version: 4.6.0
  resolution: "lodash.filter@npm:4.6.0"
  checksum: 10c0/bb65002f3ee02b94400b9d8728a46d3ac9fc3eb7df387b3c642f36eff82d716714283ca674889a29edae3c28ea8a4048e6c7bb90598670ab9c97b5d125bffda2
  languageName: node
  linkType: hard

"lodash.flatten@npm:^4.2.0, lodash.flatten@npm:^4.4.0":
  version: 4.4.0
  resolution: "lodash.flatten@npm:4.4.0"
  checksum: 10c0/97e8f0d6b61fe4723c02ad0c6e67e51784c4a2c48f56ef283483e556ad01594cf9cec9c773e177bbbdbdb5d19e99b09d2487cb6b6e5dc405c2693e93b125bd3a
  languageName: node
  linkType: hard

"lodash.foreach@npm:^4.3.0":
  version: 4.5.0
  resolution: "lodash.foreach@npm:4.5.0"
  checksum: 10c0/bd9cc83e87e805b21058ce6cf718dd22db137c7ca08eddbd608549db59989911c571b7195707f615cb37f27bb4f9a9fa9980778940d768c24095f5a04b244c84
  languageName: node
  linkType: hard

"lodash.isplainobject@npm:^4.0.6":
  version: 4.0.6
  resolution: "lodash.isplainobject@npm:4.0.6"
  checksum: 10c0/afd70b5c450d1e09f32a737bed06ff85b873ecd3d3d3400458725283e3f2e0bb6bf48e67dbe7a309eb371a822b16a26cca4a63c8c52db3fc7dc9d5f9dd324cbb
  languageName: node
  linkType: hard

"lodash.map@npm:^4.4.0":
  version: 4.6.0
  resolution: "lodash.map@npm:4.6.0"
  checksum: 10c0/919fe767fa58d3f8369ddd84346636eda71c88a8ef6bde1ca0d87dd37e71614da2ed8bcfc3018ca5b7741ebaf7c01c2d7078b510dca8ab6a0d0ecafd3dc1abcb
  languageName: node
  linkType: hard

"lodash.merge@npm:^4.4.0":
  version: 4.6.2
  resolution: "lodash.merge@npm:4.6.2"
  checksum: 10c0/402fa16a1edd7538de5b5903a90228aa48eb5533986ba7fa26606a49db2572bf414ff73a2c9f5d5fd36b31c46a5d5c7e1527749c07cbcf965ccff5fbdf32c506
  languageName: node
  linkType: hard

"lodash.pick@npm:^4.2.1":
  version: 4.4.0
  resolution: "lodash.pick@npm:4.4.0"
  checksum: 10c0/a04c460b95d1aaa44e9513d1dacf72ea74d838da843e45831de9de64c303f13cdde1859702a6f4dcef417816898ffd47c6ae0614c957ac70245bed2809b8d2e2
  languageName: node
  linkType: hard

"lodash.reduce@npm:^4.4.0":
  version: 4.6.0
  resolution: "lodash.reduce@npm:4.6.0"
  checksum: 10c0/5d2dab823523a1a7f81eb5f4c1edcc03aab55504b1299a2385737389644ba6d2ad219169dfc5c16632a67a345d925ef6a5e8816b4e18a36f94ed66f8e7740b36
  languageName: node
  linkType: hard

"lodash.reject@npm:^4.4.0":
  version: 4.6.0
  resolution: "lodash.reject@npm:4.6.0"
  checksum: 10c0/653b5beb1641aeac8bd734775ef6517706897c49197dbe548788558c243434a89dd94b971866b04a0a1df411534db85e96ab7daeb8accf53650119a78de7355f
  languageName: node
  linkType: hard

"lodash.some@npm:^4.4.0":
  version: 4.6.0
  resolution: "lodash.some@npm:4.6.0"
  checksum: 10c0/9d3cdb1c8a2ed3d19b02ce146d4962a7859016f752b40fc143d78d3e70985259d6bea71c2c31b8e78f492830f49d755f1be2cdbf85461c54a523089e0c8c0e75
  languageName: node
  linkType: hard

"lodash.union@npm:^4.6.0":
  version: 4.6.0
  resolution: "lodash.union@npm:4.6.0"
  checksum: 10c0/6da7f72d1facd472f6090b49eefff984c9f9179e13172039c0debca6851d21d37d83c7ad5c43af23bd220f184cd80e6897e8e3206509fae491f9068b02ae6319
  languageName: node
  linkType: hard

"lodash@npm:^4.17.14":
  version: 4.17.23
  resolution: "lodash@npm:4.17.23"
  checksum: 10c0/1264a90469f5bb95d4739c43eb6277d15b6d9e186df4ac68c3620443160fc669e2f14c11e7d8b2ccf078b81d06147c01a8ccced9aab9f9f63d50dcf8cace6bf6
  languageName: node
  linkType: hard

"math-intrinsics@npm:^1.1.0":
  version: 1.1.0
  resolution: "math-intrinsics@npm:1.1.0"
  checksum: 10c0/7579ff94e899e2f76ab64491d76cf606274c874d8f2af4a442c016bd85688927fcfca157ba6bf74b08e9439dc010b248ce05b96cc7c126a354c3bae7fcb48b7f
  languageName: node
  linkType: hard

"methods@npm:^1.1.1":
  version: 1.1.2
  resolution: "methods@npm:1.1.2"
  checksum: 10c0/bdf7cc72ff0a33e3eede03708c08983c4d7a173f91348b4b1e4f47d4cdbf734433ad971e7d1e8c77247d9e5cd8adb81ea4c67b0a2db526b758b2233d7814b8b2
  languageName: node
  linkType: hard

"mime-db@npm:1.52.0":
  version: 1.52.0
  resolution: "mime-db@npm:1.52.0"
  checksum: 10c0/0557a01deebf45ac5f5777fe7740b2a5c309c6d62d40ceab4e23da9f821899ce7a900b7ac8157d4548ddbb7beffe9abc621250e6d182b0397ec7f10c7b91a5aa
  languageName: node
  linkType: hard

"mime-types@npm:^2.1.35":
  version: 2.1.35
  resolution: "mime-types@npm:2.1.35"
  dependencies:
    mime-db: "npm:1.52.0"
  checksum: 10c0/82fb07ec56d8ff1fc999a84f2f217aa46cb6ed1033fefaabd5785b9a974ed225c90dc72fff460259e66b95b73648596dbcc50d51ed69cdf464af2d237d3149b2
  languageName: node
  linkType: hard

"mime@npm:^1.4.1":
  version: 1.6.0
  resolution: "mime@npm:1.6.0"
  bin:
    mime: cli.js
  checksum: 10c0/b92cd0adc44888c7135a185bfd0dddc42c32606401c72896a842ae15da71eb88858f17669af41e498b463cd7eb998f7b48939a25b08374c7924a9c8a6f8a81b0
  languageName: node
  linkType: hard

"mime@npm:^2.4.0":
  version: 2.6.0
  resolution: "mime@npm:2.6.0"
  bin:
    mime: cli.js
  checksum: 10c0/a7f2589900d9c16e3bdf7672d16a6274df903da958c1643c9c45771f0478f3846dcb1097f31eb9178452570271361e2149310931ec705c037210fc69639c8e6c
  languageName: node
  linkType: hard

"minimatch@npm:^3.1.1":
  version: 3.1.5
  resolution: "minimatch@npm:3.1.5"
  dependencies:
    brace-expansion: "npm:^1.1.7"
  checksum: 10c0/2ecbdc0d33f07bddb0315a8b5afbcb761307a8778b48f0b312418ccbced99f104a2d17d8aca7573433c70e8ccd1c56823a441897a45e384ea76ef401a26ace70
  languageName: node
  linkType: hard

"ms@npm:^2.1.1":
  version: 2.1.3
  resolution: "ms@npm:2.1.3"
  checksum: 10c0/d924b57e7312b3b63ad21fc5b3dc0af5e78d61a1fc7cfb5457edaf26326bf62be5307cc87ffb6862ef1c2b33b0233cdb5d4f01c4c958cc0d660948b65a287a48
  languageName: node
  linkType: hard

"normalize-path@npm:^3.0.0":
  version: 3.0.0
  resolution: "normalize-path@npm:3.0.0"
  checksum: 10c0/e008c8142bcc335b5e38cf0d63cfd39d6cf2d97480af9abdbe9a439221fd4d749763bab492a8ee708ce7a194bb00c9da6d0a115018672310850489137b3da046
  languageName: node
  linkType: hard

"nth-check@npm:~1.0.1":
  version: 1.0.2
  resolution: "nth-check@npm:1.0.2"
  dependencies:
    boolbase: "npm:~1.0.0"
  checksum: 10c0/1a67ce53a99e276eea672f892d712b29f3e6802bbbef7285ffab72ecea4f972e8244defac1ebded0daffabf459def31355bb9c64e5657ac2ab032c13f185d0fd
  languageName: node
  linkType: hard

"object-inspect@npm:^1.13.3":
  version: 1.13.4
  resolution: "object-inspect@npm:1.13.4"
  checksum: 10c0/d7f8711e803b96ea3191c745d6f8056ce1f2496e530e6a19a0e92d89b0fa3c76d910c31f0aa270432db6bd3b2f85500a376a83aaba849a8d518c8845b3211692
  languageName: node
  linkType: hard

"once@npm:^1.3.0, once@npm:^1.4.0":
  version: 1.4.0
  resolution: "once@npm:1.4.0"
  dependencies:
    wrappy: "npm:1"
  checksum: 10c0/5d48aca287dfefabd756621c5dfce5c91a549a93e9fdb7b8246bc4c4790aa2ec17b34a260530474635147aeb631a2dcc8b32c613df0675f96041cbb8244517d0
  languageName: node
  linkType: hard

"path-is-absolute@npm:^1.0.0":
  version: 1.0.1
  resolution: "path-is-absolute@npm:1.0.1"
  checksum: 10c0/127da03c82172a2a50099cddbf02510c1791fc2cc5f7713ddb613a56838db1e8168b121a920079d052e0936c23005562059756d653b7c544c53185efe53be078
  languageName: node
  linkType: hard

"process-nextick-args@npm:~2.0.0":
  version: 2.0.1
  resolution: "process-nextick-args@npm:2.0.1"
  checksum: 10c0/bec089239487833d46b59d80327a1605e1c5287eaad770a291add7f45fda1bb5e28b38e0e061add0a1d0ee0984788ce74fa394d345eed1c420cacf392c554367
  languageName: node
  linkType: hard

"q@npm:^1.5.1":
  version: 1.5.1
  resolution: "q@npm:1.5.1"
  checksum: 10c0/7855fbdba126cb7e92ef3a16b47ba998c0786ec7fface236e3eb0135b65df36429d91a86b1fff3ab0927b4ac4ee88a2c44527c7c3b8e2a37efbec9fe34803df4
  languageName: node
  linkType: hard

"qs@npm:^6.5.1":
  version: 6.15.0
  resolution: "qs@npm:6.15.0"
  dependencies:
    side-channel: "npm:^1.1.0"
  checksum: 10c0/ff341078a78a991d8a48b4524d52949211447b4b1ad907f489cac0770cbc346a28e47304455c0320e5fb000f8762d64b03331e3b71865f663bf351bcba8cdb4b
  languageName: node
  linkType: hard

"readable-stream@npm:^2.0.0, readable-stream@npm:^2.0.5, readable-stream@npm:^2.3.5, readable-stream@npm:^2.3.6":
  version: 2.3.8
  resolution: "readable-stream@npm:2.3.8"
  dependencies:
    core-util-is: "npm:~1.0.0"
    inherits: "npm:~2.0.3"
    isarray: "npm:~1.0.0"
    process-nextick-args: "npm:~2.0.0"
    safe-buffer: "npm:~5.1.1"
    string_decoder: "npm:~1.1.1"
    util-deprecate: "npm:~1.0.1"
  checksum: 10c0/7efdb01f3853bc35ac62ea25493567bf588773213f5f4a79f9c365e1ad13bab845ac0dae7bc946270dc40c3929483228415e92a3fc600cc7e4548992f41ee3fa
  languageName: node
  linkType: hard

"readable-stream@npm:^3.1.1, readable-stream@npm:^3.4.0":
  version: 3.6.2
  resolution: "readable-stream@npm:3.6.2"
  dependencies:
    inherits: "npm:^2.0.3"
    string_decoder: "npm:^1.1.1"
    util-deprecate: "npm:^1.0.1"
  checksum: 10c0/e37be5c79c376fdd088a45fa31ea2e423e5d48854be7a22a58869b4e84d25047b193f6acb54f1012331e1bcd667ffb569c01b99d36b0bd59658fb33f513511b7
  languageName: node
  linkType: hard

"rimraf@npm:^2.6.3":
  version: 2.7.1
  resolution: "rimraf@npm:2.7.1"
  dependencies:
    glob: "npm:^7.1.3"
  bin:
    rimraf: ./bin.js
  checksum: 10c0/4eef73d406c6940927479a3a9dee551e14a54faf54b31ef861250ac815172bade86cc6f7d64a4dc5e98b65e4b18a2e1c9ff3b68d296be0c748413f092bb0dd40
  languageName: node
  linkType: hard

"safe-buffer@npm:^5.2.1, safe-buffer@npm:~5.2.0":
  version: 5.2.1
  resolution: "safe-buffer@npm:5.2.1"
  checksum: 10c0/6501914237c0a86e9675d4e51d89ca3c21ffd6a31642efeba25ad65720bce6921c9e7e974e5be91a786b25aa058b5303285d3c15dbabf983a919f5f630d349f3
  languageName: node
  linkType: hard

"safe-buffer@npm:~5.1.0, safe-buffer@npm:~5.1.1":
  version: 5.1.2
  resolution: "safe-buffer@npm:5.1.2"
  checksum: 10c0/780ba6b5d99cc9a40f7b951d47152297d0e260f0df01472a1b99d4889679a4b94a13d644f7dbc4f022572f09ae9005fa2fbb93bbbd83643316f365a3e9a45b21
  languageName: node
  linkType: hard

"shaar-hayichud-sections@workspace:.":
  version: 0.0.0-use.local
  resolution: "shaar-hayichud-sections@workspace:."
  dependencies:
    epub-gen: "npm:^0.1.0"
  dependenciesMeta:
    epub-gen@0.1.0:
      unplugged: true
  languageName: unknown
  linkType: soft

"side-channel-list@npm:^1.0.0":
  version: 1.0.0
  resolution: "side-channel-list@npm:1.0.0"
  dependencies:
    es-errors: "npm:^1.3.0"
    object-inspect: "npm:^1.13.3"
  checksum: 10c0/644f4ac893456c9490ff388bf78aea9d333d5e5bfc64cfb84be8f04bf31ddc111a8d4b83b85d7e7e8a7b845bc185a9ad02c052d20e086983cf59f0be517d9b3d
  languageName: node
  linkType: hard

"side-channel-map@npm:^1.0.1":
  version: 1.0.1
  resolution: "side-channel-map@npm:1.0.1"
  dependencies:
    call-bound: "npm:^1.0.2"
    es-errors: "npm:^1.3.0"
    get-intrinsic: "npm:^1.2.5"
    object-inspect: "npm:^1.13.3"
  checksum: 10c0/010584e6444dd8a20b85bc926d934424bd809e1a3af941cace229f7fdcb751aada0fb7164f60c2e22292b7fa3c0ff0bce237081fd4cdbc80de1dc68e95430672
  languageName: node
  linkType: hard

"side-channel-weakmap@npm:^1.0.2":
  version: 1.0.2
  resolution: "side-channel-weakmap@npm:1.0.2"
  dependencies:
    call-bound: "npm:^1.0.2"
    es-errors: "npm:^1.3.0"
    get-intrinsic: "npm:^1.2.5"
    object-inspect: "npm:^1.13.3"
    side-channel-map: "npm:^1.0.1"
  checksum: 10c0/71362709ac233e08807ccd980101c3e2d7efe849edc51455030327b059f6c4d292c237f94dc0685031dd11c07dd17a68afde235d6cf2102d949567f98ab58185
  languageName: node
  linkType: hard

"side-channel@npm:^1.1.0":
  version: 1.1.0
  resolution: "side-channel@npm:1.1.0"
  dependencies:
    es-errors: "npm:^1.3.0"
    object-inspect: "npm:^1.13.3"
    side-channel-list: "npm:^1.0.0"
    side-channel-map: "npm:^1.0.1"
    side-channel-weakmap: "npm:^1.0.2"
  checksum: 10c0/cb20dad41eb032e6c24c0982e1e5a24963a28aa6122b4f05b3f3d6bf8ae7fd5474ef382c8f54a6a3ab86e0cac4d41a23bd64ede3970e5bfb50326ba02a7996e6
  languageName: node
  linkType: hard

"string_decoder@npm:^1.1.1":
  version: 1.3.0
  resolution: "string_decoder@npm:1.3.0"
  dependencies:
    safe-buffer: "npm:~5.2.0"
  checksum: 10c0/810614ddb030e271cd591935dcd5956b2410dd079d64ff92a1844d6b7588bf992b3e1b69b0f4d34a3e06e0bd73046ac646b5264c1987b20d0601f81ef35d731d
  languageName: node
  linkType: hard

"string_decoder@npm:~1.1.1":
  version: 1.1.1
  resolution: "string_decoder@npm:1.1.1"
  dependencies:
    safe-buffer: "npm:~5.1.0"
  checksum: 10c0/b4f89f3a92fd101b5653ca3c99550e07bdf9e13b35037e9e2a1c7b47cec4e55e06ff3fc468e314a0b5e80bfbaf65c1ca5a84978764884ae9413bec1fc6ca924e
  languageName: node
  linkType: hard

"superagent@npm:^3.8.3":
  version: 3.8.3
  resolution: "superagent@npm:3.8.3"
  dependencies:
    component-emitter: "npm:^1.2.0"
    cookiejar: "npm:^2.1.0"
    debug: "npm:^3.1.0"
    extend: "npm:^3.0.0"
    form-data: "npm:^2.3.1"
    formidable: "npm:^1.2.0"
    methods: "npm:^1.1.1"
    mime: "npm:^1.4.1"
    qs: "npm:^6.5.1"
    readable-stream: "npm:^2.3.5"
  checksum: 10c0/e467c39aee7aa57dc2e45b5c7c76d70a7ad4fff8d3d2b57a2da0edfaca0e598562fc9f8f74a1383661744f68b3dfd2cca388a3000b41d6c2d8e0e5d031d152fe
  languageName: node
  linkType: hard

"tar-stream@npm:^2.1.0":
  version: 2.2.0
  resolution: "tar-stream@npm:2.2.0"
  dependencies:
    bl: "npm:^4.0.3"
    end-of-stream: "npm:^1.4.1"
    fs-constants: "npm:^1.0.0"
    inherits: "npm:^2.0.3"
    readable-stream: "npm:^3.1.1"
  checksum: 10c0/2f4c910b3ee7196502e1ff015a7ba321ec6ea837667220d7bcb8d0852d51cb04b87f7ae471008a6fb8f5b1a1b5078f62f3a82d30c706f20ada1238ac797e7692
  languageName: node
  linkType: hard

"underscore@npm:^1.9.1":
  version: 1.13.8
  resolution: "underscore@npm:1.13.8"
  checksum: 10c0/6677688daeda30484823e77c0b89ce4dcf29964a77d5a06f37299c007ab4bb1c66a0ff75e0d274620b62a1fe2a6ba29879f8214533ca611d71a1ae504f2bfc9b
  languageName: node
  linkType: hard

"universalify@npm:^0.1.0":
  version: 0.1.2
  resolution: "universalify@npm:0.1.2"
  checksum: 10c0/e70e0339f6b36f34c9816f6bf9662372bd241714dc77508d231d08386d94f2c4aa1ba1318614f92015f40d45aae1b9075cd30bd490efbe39387b60a76ca3f045
  languageName: node
  linkType: hard

"unorm@npm:>= 1.0.0":
  version: 1.6.0
  resolution: "unorm@npm:1.6.0"
  checksum: 10c0/ff0caa3292f318e2e832d02ad019a401118fe42f5e554dca3b9c7e4a2a3100eda051945711234a6ffbd74088cf51930755782456d30864240936cb3485f80a01
  languageName: node
  linkType: hard

"uslug@npm:^1.0.4":
  version: 1.0.4
  resolution: "uslug@npm:1.0.4"
  dependencies:
    unorm: "npm:>= 1.0.0"
  checksum: 10c0/934f623622896b04a81e62c9d0b9c40888089b7948eaa86f9e8171b5595b7c60322c7db10e0f047e61357962ec4e296ea7a49c4564ac05b25f55547b2a8825e3
  languageName: node
  linkType: hard

"util-deprecate@npm:^1.0.1, util-deprecate@npm:~1.0.1":
  version: 1.0.2
  resolution: "util-deprecate@npm:1.0.2"
  checksum: 10c0/41a5bdd214df2f6c3ecf8622745e4a366c4adced864bc3c833739791aeeeb1838119af7daed4ba36428114b5c67dcda034a79c882e97e43c03e66a4dd7389942
  languageName: node
  linkType: hard

"wrappy@npm:1":
  version: 1.0.2
  resolution: "wrappy@npm:1.0.2"
  checksum: 10c0/56fece1a4018c6a6c8e28fbc88c87e0fbf4ea8fd64fc6c63b18f4acc4bd13e0ad2515189786dd2c30d3eec9663d70f4ecf699330002f8ccb547e4a18231fc9f0
  languageName: node
  linkType: hard

"zip-stream@npm:^2.1.2":
  version: 2.1.3
  resolution: "zip-stream@npm:2.1.3"
  dependencies:
    archiver-utils: "npm:^2.1.0"
    compress-commons: "npm:^2.1.1"
    readable-stream: "npm:^3.4.0"
  checksum: 10c0/aac673670f9aa673cf6c8d99e010d6c99ab08deb80f919a0bc537d0c914ea640cb5aae1bbd84348dfa586693eab0bb62829d1c3033f163b489f9f08317fc954c
  languageName: node
  linkType: hard
